
Microsoft Visual Studio Solution File, Format Version 12.00
# Visual Studio Version 17
VisualStudioVersion = 17.9.34622.214
MinimumVisualStudioVersion = 10.0.40219.1
Project("{FAE04EC0-301F-11D3-BF4B-00C04F79EFBC}") = "SortingAlgorithmComparison", "SortingAlgorithmComparison\SortingAlgorithmComparison.csproj", "{4D0CCC43-3198-49BE-9478-C6138869BD5B}"
EndProject
Global
	GlobalSection(SolutionConfigurationPlatforms) = preSolution
		Debug|Any CPU = Debug|Any CPU
		Release|Any CPU = Release|Any CPU
	EndGlobalSection
	GlobalSection(ProjectConfigurationPlatforms) = postSolution
		{4D0CCC43-3198-49BE-9478-C6138869BD5B}.Debug|Any CPU.ActiveCfg = Debug|Any CPU
		{4D0CCC43-3198-49BE-9478-C6138869BD5B}.Debug|Any CPU.Build.0 = Debug|Any CPU
		{4D0CCC43-3198-49BE-9478-C6138869BD5B}.Release|Any CPU.ActiveCfg = Release|Any CPU
		{4D0CCC43-3198-49BE-9478-C6138869BD5B}.Release|Any CPU.Build.0 = Release|Any CPU
	EndGlobalSection
	GlobalSection(SolutionProperties) = preSolution
		HideSolutionNode = FALSE
	EndGlobalSection
	GlobalSection(ExtensibilityGlobals) = postSolution
		SolutionGuid = {ABA89905-6C6B-4950-85EE-C8CA5C2ED446}
	EndGlobalSection
EndGlobal
